
Microsoft Visual Studio Solution File, Format Version 12.00
# Visual Studio Version 16
VisualStudioVersion = 16.0.31424.327
MinimumVisualStudioVersion = 10.0.40219.1
Project("{FAE04EC0-301F-11D3-BF4B-00C04F79EFBC}") = "ConsoleApp2", "ConsoleApp2\ConsoleApp2.csproj", "{4C5E8AD8-289F-45F7-B612-7B2756CC7461}"
EndProject
Global
	GlobalSection(SolutionConfigurationPlatforms) = preSolution
		Debug|Any CPU = Debug|Any CPU
		Release|Any CPU = Release|Any CPU
	EndGlobalSection
	GlobalSection(ProjectConfigurationPlatforms) = postSolution
		{4C5E8AD8-289F-45F7-B612-7B2756CC7461}.Debug|Any CPU.ActiveCfg = Debug|Any CPU
		{4C5E8AD8-289F-45F7-B612-7B2756CC7461}.Debug|Any CPU.Build.0 = Debug|Any CPU
		{4C5E8AD8-289F-45F7-B612-7B2756CC7461}.Release|Any CPU.ActiveCfg = Release|Any CPU
		{4C5E8AD8-289F-45F7-B612-7B2756CC7461}.Release|Any CPU.Build.0 = Release|Any CPU
	EndGlobalSection
	GlobalSection(SolutionProperties) = preSolution
		HideSolutionNode = FALSE
	EndGlobalSection
	GlobalSection(ExtensibilityGlobals) = postSolution
		SolutionGuid = {3F1862A8-A4E1-4155-A838-A7DB12542501}
	EndGlobalSection
EndGlobal
